// !$*UTF8*$!
{
	archiveVersion = 1;
	classes = {
	};
	objectVersion = 110;
	objects = {

/* Begin PBXBuildFile section */
		5C0000000000000000000005 /* Sparkle in Frameworks */ = {isa = PBXBuildFile; productRef = 5C0000000000000000000004 /* Sparkle */; };
/* End PBXBuildFile section */

/* Begin PBXContainerItemProxy section */
		6B9BFFE1305DA93300A08AB4 /* PBXContainerItemProxy */ = {
			isa = PBXContainerItemProxy;
			containerPortal = 6B9BFFCB305DA93200A08AB4 /* Project object */;
			proxyType = 1;
			remoteGlobalIDString = 6B9BFFD2305DA93200A08AB4;
			remoteInfo = "Short Circuit";
		};
		6B9BFFEB305DA93300A08AB4 /* PBXContainerItemProxy */ = {
			isa = PBXContainerItemProxy;
			containerPortal = 6B9BFFCB305DA93200A08AB4 /* Project object */;
			proxyType = 1;
			remoteGlobalIDString = 6B9BFFD2305DA93200A08AB4;
			remoteInfo = "Short Circuit";
		};
/* End PBXContainerItemProxy section */

/* Begin PBXFileReference section */
		6B9BFFD3305DA93200A08AB4 /* Short Circuit.app */ = {isa = PBXFileReference; explicitFileType = wrapper.application; includeInIndex = 0; path = "Short Circuit.app"; sourceTree = BUILT_PRODUCTS_DIR; };
		6B9BFFE0305DA93300A08AB4 /* Short CircuitTests.xctest */ = {isa = PBXFileReference; explicitFileType = wrapper.cfbundle; includeInIndex = 0; path = "Short CircuitTests.xctest"; sourceTree = BUILT_PRODUCTS_DIR; };
		6B9BFFEA305DA93300A08AB4 /* Short CircuitUITests.xctest */ = {isa = PBXFileReference; explicitFileType = wrapper.cfbundle; includeInIndex = 0; path = "Short CircuitUITests.xctest"; sourceTree = BUILT_PRODUCTS_DIR; };
/* End PBXFileReference section */

/* Begin PBXFileSystemSynchronizedBuildFileExceptionSet section */
		5C0000000000000000000001 /* Exceptions for "Short Circuit" folder in "Short Circuit" target */ = {
			isa = PBXFileSystemSynchronizedBuildFileExceptionSet;
			membershipExceptions = (
				Info.plist,
			);
			target = 6B9BFFD2305DA93200A08AB4 /* Short Circuit */;
		};
/* End PBXFileSystemSynchronizedBuildFileExceptionSet section */

/* Begin PBXFileSystemSynchronizedRootGroup section */
		6B9BFFD5305DA93200A08AB4 /* Short Circuit */ = {
			isa = PBXFileSystemSynchronizedRootGroup;
			exceptions = (
				5C0000000000000000000001 /* Exceptions for "Short Circuit" folder in "Short Circuit" target */,
			);
			path = "Short Circuit";
			sourceTree = "<group>";
		};
		6B9BFFE3305DA93300A08AB4 /* Short CircuitTests */ = {
			isa = PBXFileSystemSynchronizedRootGroup;
			path = "Short CircuitTests";
			sourceTree = "<group>";
		};
		6B9BFFED305DA93300A08AB4 /* Short CircuitUITests */ = {
			isa = PBXFileSystemSynchronizedRootGroup;
			path = "Short CircuitUITests";
			sourceTree = "<group>";
		};
/* End PBXFileSystemSynchronizedRootGroup section */

/* Begin PBXFrameworksBuildPhase section */
		6B9BFFD0305DA93200A08AB4 /* Frameworks */ = {
			isa = PBXFrameworksBuildPhase;
			files = (
				5C0000000000000000000005 /* Sparkle in Frameworks */,
			);
		};
		6B9BFFDD305DA93300A08AB4 /* Frameworks */ = {
			isa = PBXFrameworksBuildPhase;
			files = (
			);
		};
		6B9BFFE7305DA93300A08AB4 /* Frameworks */ = {
			isa = PBXFrameworksBuildPhase;
			files = (
			);
		};
/* End PBXFrameworksBuildPhase section */

/* Begin PBXGroup section */
		6B9BFFCA305DA93200A08AB4 = {
			isa = PBXGroup;
			children = (
				6B9BFFD5305DA93200A08AB4 /* Short Circuit */,
				6B9BFFE3305DA93300A08AB4 /* Short CircuitTests */,
				6B9BFFED305DA93300A08AB4 /* Short CircuitUITests */,
				6B9BFFD4305DA93200A08AB4 /* Products */,
			);
			sourceTree = "<group>";
		};
		6B9BFFD4305DA93200A08AB4 /* Products */ = {
			isa = PBXGroup;
			children = (
				6B9BFFD3305DA93200A08AB4 /* Short Circuit.app */,
				6B9BFFE0305DA93300A08AB4 /* Short CircuitTests.xctest */,
				6B9BFFEA305DA93300A08AB4 /* Short CircuitUITests.xctest */,
			);
			name = Products;
			sourceTree = "<group>";
		};
/* End PBXGroup section */

/* Begin PBXNativeTarget section */
		6B9BFFD2305DA93200A08AB4 /* Short Circuit */ = {
			isa = PBXNativeTarget;
			buildConfigurationList = 6B9BFFF2305DA93300A08AB4 /* Build configuration list for PBXNativeTarget "Short Circuit" */;
			buildPhases = (
				6B9BFFCF305DA93200A08AB4 /* Sources */,
				6B9BFFD0305DA93200A08AB4 /* Frameworks */,
				6B9BFFD1305DA93200A08AB4 /* Resources */,
			);
			buildRules = (
			);
			fileSystemSynchronizedGroups = (
				6B9BFFD5305DA93200A08AB4 /* Short Circuit */,
			);
			name = "Short Circuit";
			packageProductDependencies = (
				5C0000000000000000000004 /* Sparkle */,
			);
			productName = "Short Circuit";
			productReference = 6B9BFFD3305DA93200A08AB4 /* Short Circuit.app */;
			productType = "com.apple.product-type.application";
		};
		6B9BFFDF305DA93300A08AB4 /* Short CircuitTests */ = {
			isa = PBXNativeTarget;
			buildConfigurationList = 6B9BFFF5305DA93300A08AB4 /* Build configuration list for PBXNativeTarget "Short CircuitTests" */;
			buildPhases = (
				6B9BFFDC305DA93300A08AB4 /* Sources */,
				6B9BFFDD305DA93300A08AB4 /* Frameworks */,
				6B9BFFDE305DA93300A08AB4 /* Resources */,
			);
			buildRules = (
			);
			dependencies = (
				6B9BFFE2305DA93300A08AB4 /* PBXTargetDependency */,
			);
			fileSystemSynchronizedGroups = (
				6B9BFFE3305DA93300A08AB4 /* Short CircuitTests */,
			);
			name = "Short CircuitTests";
			productName = "Short CircuitTests";
			productReference = 6B9BFFE0305DA93300A08AB4 /* Short CircuitTests.xctest */;
			productType = "com.apple.product-type.bundle.unit-test";
		};
		6B9BFFE9305DA93300A08AB4 /* Short CircuitUITests */ = {
			isa = PBXNativeTarget;
			buildConfigurationList = 6B9BFFF8305DA93300A08AB4 /* Build configuration list for PBXNativeTarget "Short CircuitUITests" */;
			buildPhases = (
				6B9BFFE6305DA93300A08AB4 /* Sources */,
				6B9BFFE7305DA93300A08AB4 /* Frameworks */,
				6B9BFFE8305DA93300A08AB4 /* Resources */,
			);
			buildRules = (
			);
			dependencies = (
				6B9BFFEC305DA93300A08AB4 /* PBXTargetDependency */,
			);
			fileSystemSynchronizedGroups = (
				6B9BFFED305DA93300A08AB4 /* Short CircuitUITests */,
			);
			name = "Short CircuitUITests";
			productName = "Short CircuitUITests";
			productReference = 6B9BFFEA305DA93300A08AB4 /* Short CircuitUITests.xctest */;
			productType = "com.apple.product-type.bundle.ui-testing";
		};
/* End PBXNativeTarget section */

/* Begin PBXProject section */
		6B9BFFCB305DA93200A08AB4 /* Project object */ = {
			isa = PBXProject;
			attributes = {
				BuildIndependentTargetsInParallel = 1;
				LastSwiftUpdateCheck = 2700;
				LastUpgradeCheck = 2700;
				TargetAttributes = {
					6B9BFFD2305DA93200A08AB4 = {
						CreatedOnToolsVersion = 27.0;
					};
					6B9BFFDF305DA93300A08AB4 = {
						CreatedOnToolsVersion = 27.0;
						TestTargetID = 6B9BFFD2305DA93200A08AB4;
					};
					6B9BFFE9305DA93300A08AB4 = {
						CreatedOnToolsVersion = 27.0;
						TestTargetID = 6B9BFFD2305DA93200A08AB4;
					};
				};
			};
			buildConfigurationList = 6B9BFFCE305DA93200A08AB4 /* Build configuration list for PBXProject "Short Circuit" */;
			developmentRegion = en;
			hasScannedForEncodings = 0;
			knownRegions = (
				en,
				Base,
			);
			mainGroup = 6B9BFFCA305DA93200A08AB4;
			minimizedProjectReferenceProxies = 1;
			packageReferences = (
				5C0000000000000000000003 /* XCRemoteSwiftPackageReference "Sparkle" */,
			);
			preferredProjectObjectVersion = 77;
			productRefGroup = 6B9BFFD4305DA93200A08AB4 /* Products */;
			projectDirPath = "";
			projectRoot = "";
			targets = (
				6B9BFFD2305DA93200A08AB4 /* Short Circuit */,
				6B9BFFDF305DA93300A08AB4 /* Short CircuitTests */,
				6B9BFFE9305DA93300A08AB4 /* Short CircuitUITests */,
			);
		};
/* End PBXProject section */

/* Begin PBXResourcesBuildPhase section */
		6B9BFFD1305DA93200A08AB4 /* Resources */ = {
			isa = PBXResourcesBuildPhase;
			files = (
			);
		};
		6B9BFFDE305DA93300A08AB4 /* Resources */ = {
			isa = PBXResourcesBuildPhase;
			files = (
			);
		};
		6B9BFFE8305DA93300A08AB4 /* Resources */ = {
			isa = PBXResourcesBuildPhase;
			files = (
			);
		};
/* End PBXResourcesBuildPhase section */

/* Begin PBXSourcesBuildPhase section */
		6B9BFFCF305DA93200A08AB4 /* Sources */ = {
			isa = PBXSourcesBuildPhase;
			files = (
			);
		};
		6B9BFFDC305DA93300A08AB4 /* Sources */ = {
			isa = PBXSourcesBuildPhase;
			files = (
			);
		};
		6B9BFFE6305DA93300A08AB4 /* Sources */ = {
			isa = PBXSourcesBuildPhase;
			files = (
			);
		};
/* End PBXSourcesBuildPhase section */

/* Begin PBXTargetDependency section */
		6B9BFFE2305DA93300A08AB4 /* PBXTargetDependency */ = {
			isa = PBXTargetDependency;
			target = 6B9BFFD2305DA93200A08AB4 /* Short Circuit */;
			targetProxy = 6B9BFFE1305DA93300A08AB4 /* PBXContainerItemProxy */;
		};
		6B9BFFEC305DA93300A08AB4 /* PBXTargetDependency */ = {
			isa = PBXTargetDependency;
			target = 6B9BFFD2305DA93200A08AB4 /* Short Circuit */;
			targetProxy = 6B9BFFEB305DA93300A08AB4 /* PBXContainerItemProxy */;
		};
/* End PBXTargetDependency section */

/* Begin XCBuildConfiguration section */
		6B9BFFF0305DA93300A08AB4 /* Debug configuration for PBXProject "Short Circuit" */ = {
			isa = XCBuildConfiguration;
			buildSettings = {
				ALWAYS_SEARCH_USER_PATHS = NO;
				ASSETCATALOG_COMPILER_GENERATE_SWIFT_ASSET_SYMBOL_EXTENSIONS = YES;
				CLANG_ANALYZER_NONNULL = YES;
				CLANG_ANALYZER_NUMBER_OBJECT_CONVERSION = YES_AGGRESSIVE;
				CLANG_CXX_LANGUAGE_STANDARD = "gnu++20";
				CLANG_ENABLE_MODULES = YES;
				CLANG_ENABLE_OBJC_ARC = YES;
				CLANG_ENABLE_OBJC_WEAK = YES;
				CLANG_WARN_BLOCK_CAPTURE_AUTORELEASING = YES;
				CLANG_WARN_BOOL_CONVERSION = YES;
				CLANG_WARN_COMMA = YES;
				CLANG_WARN_CONSTANT_CONVERSION = YES;
				CLANG_WARN_DEPRECATED_OBJC_IMPLEMENTATIONS = YES;
				CLANG_WARN_DIRECT_OBJC_ISA_USAGE = YES_ERROR;
				CLANG_WARN_DOCUMENTATION_COMMENTS = YES;
				CLANG_WARN_EMPTY_BODY = YES;
				CLANG_WARN_ENUM_CONVERSION = YES;
				CLANG_WARN_INFINITE_RECURSION = YES;
				CLANG_WARN_INT_CONVERSION = YES;
				CLANG_WARN_NON_LITERAL_NULL_CONVERSION = YES;
				CLANG_WARN_OBJC_IMPLICIT_RETAIN_SELF = YES;
				CLANG_WARN_OBJC_LITERAL_CONVERSION = YES;
				CLANG_WARN_OBJC_ROOT_CLASS = YES_ERROR;
				CLANG_WARN_QUOTED_INCLUDE_IN_FRAMEWORK_HEADER = YES;
				CLANG_WARN_RANGE_LOOP_ANALYSIS = YES;
				CLANG_WARN_STRICT_PROTOTYPES = YES;
				CLANG_WARN_SUSPICIOUS_MOVE = YES;
				CLANG_WARN_UNGUARDED_AVAILABILITY = YES_AGGRESSIVE;
				CLANG_WARN_UNREACHABLE_CODE = YES;
				CLANG_WARN__DUPLICATE_METHOD_MATCH = YES;
				COPY_PHASE_STRIP = NO;
				DEBUG_INFORMATION_FORMAT = dwarf;
				DEVELOPMENT_TEAM = 657AK7D2D9;
				ENABLE_STRICT_OBJC_MSGSEND = YES;
				ENABLE_TESTABILITY = YES;
				ENABLE_USER_SCRIPT_SANDBOXING = YES;
				GCC_C_LANGUAGE_STANDARD = gnu17;
				GCC_DYNAMIC_NO_PIC = NO;
				GCC_NO_COMMON_BLOCKS = YES;
				GCC_OPTIMIZATION_LEVEL = 0;
				GCC_PREPROCESSOR_DEFINITIONS = (
					"DEBUG=1",
					"$(inherited)",
				);
				GCC_WARN_64_TO_32_BIT_CONVERSION = YES;
				GCC_WARN_ABOUT_RETURN_TYPE = YES_ERROR;
				GCC_WARN_UNDECLARED_SELECTOR = YES;
				GCC_WARN_UNINITIALIZED_AUTOS = YES_AGGRESSIVE;
				GCC_WARN_UNUSED_FUNCTION = YES;
				GCC_WARN_UNUSED_VARIABLE = YES;
				LOCALIZATION_PREFERS_STRING_CATALOGS = YES;
				MACOSX_DEPLOYMENT_TARGET = 26.6;
				MTL_ENABLE_DEBUG_INFO = INCLUDE_SOURCE;
				MTL_FAST_MATH = YES;
				ONLY_ACTIVE_ARCH = YES;
				SDKROOT = macosx;
				SWIFT_ACTIVE_COMPILATION_CONDITIONS = "DEBUG $(inherited)";
				SWIFT_OPTIMIZATION_LEVEL = "-Onone";
			};
			name = Debug;
		};
		6B9BFFF1305DA93300A08AB4 /* Release configuration for PBXProject "Short Circuit" */ = {
			isa = XCBuildConfiguration;
			buildSettings = {
				ALWAYS_SEARCH_USER_PATHS = NO;
				ASSETCATALOG_COMPILER_GENERATE_SWIFT_ASSET_SYMBOL_EXTENSIONS = YES;
				CLANG_ANALYZER_NONNULL = YES;
				CLANG_ANALYZER_NUMBER_OBJECT_CONVERSION = YES_AGGRESSIVE;
				CLANG_CXX_LANGUAGE_STANDARD = "gnu++20";
				CLANG_ENABLE_MODULES = YES;
				CLANG_ENABLE_OBJC_ARC = YES;
				CLANG_ENABLE_OBJC_WEAK = YES;
				CLANG_WARN_BLOCK_CAPTURE_AUTORELEASING = YES;
				CLANG_WARN_BOOL_CONVERSION = YES;
				CLANG_WARN_COMMA = YES;
				CLANG_WARN_CONSTANT_CONVERSION = YES;
				CLANG_WARN_DEPRECATED_OBJC_IMPLEMENTATIONS = YES;
				CLANG_WARN_DIRECT_OBJC_ISA_USAGE = YES_ERROR;
				CLANG_WARN_DOCUMENTATION_COMMENTS = YES;
				CLANG_WARN_EMPTY_BODY = YES;
				CLANG_WARN_ENUM_CONVERSION = YES;
				CLANG_WARN_INFINITE_RECURSION = YES;
				CLANG_WARN_INT_CONVERSION = YES;
				CLANG_WARN_NON_LITERAL_NULL_CONVERSION = YES;
				CLANG_WARN_OBJC_IMPLICIT_RETAIN_SELF = YES;
				CLANG_WARN_OBJC_LITERAL_CONVERSION = YES;
				CLANG_WARN_OBJC_ROOT_CLASS = YES_ERROR;
				CLANG_WARN_QUOTED_INCLUDE_IN_FRAMEWORK_HEADER = YES;
				CLANG_WARN_RANGE_LOOP_ANALYSIS = YES;
				CLANG_WARN_STRICT_PROTOTYPES = YES;
				CLANG_WARN_SUSPICIOUS_MOVE = YES;
				CLANG_WARN_UNGUARDED_AVAILABILITY = YES_AGGRESSIVE;
				CLANG_WARN_UNREACHABLE_CODE = YES;
				CLANG_WARN__DUPLICATE_METHOD_MATCH = YES;
				COPY_PHASE_STRIP = NO;
				DEBUG_INFORMATION_FORMAT = "dwarf-with-dsym";
				DEVELOPMENT_TEAM = 657AK7D2D9;
				ENABLE_NS_ASSERTIONS = NO;
				ENABLE_STRICT_OBJC_MSGSEND = YES;
				ENABLE_USER_SCRIPT_SANDBOXING = YES;
				GCC_C_LANGUAGE_STANDARD = gnu17;
				GCC_NO_COMMON_BLOCKS = YES;
				GCC_WARN_64_TO_32_BIT_CONVERSION = YES;
				GCC_WARN_ABOUT_RETURN_TYPE = YES_ERROR;
				GCC_WARN_UNDECLARED_SELECTOR = YES;
				GCC_WARN_UNINITIALIZED_AUTOS = YES_AGGRESSIVE;
				GCC_WARN_UNUSED_FUNCTION = YES;
				GCC_WARN_UNUSED_VARIABLE = YES;
				LOCALIZATION_PREFERS_STRING_CATALOGS = YES;
				MACOSX_DEPLOYMENT_TARGET = 26.6;
				MTL_ENABLE_DEBUG_INFO = NO;
				MTL_FAST_MATH = YES;
				SDKROOT = macosx;
				SWIFT_COMPILATION_MODE = wholemodule;
			};
			name = Release;
		};
		6B9BFFF3305DA93300A08AB4 /* Debug configuration for PBXNativeTarget "Short Circuit" */ = {
			isa = XCBuildConfiguration;
			buildSettings = {
				ASSETCATALOG_COMPILER_APPICON_NAME = AppIcon;
				ASSETCATALOG_COMPILER_GLOBAL_ACCENT_COLOR_NAME = AccentColor;
				CODE_SIGN_STYLE = Automatic;
				COMBINE_HIDPI_IMAGES = YES;
				CURRENT_PROJECT_VERSION = 1;
				DEVELOPMENT_TEAM = 657AK7D2D9;
				ENABLE_APP_SANDBOX = NO;
				ENABLE_HARDENED_RUNTIME = YES;
				ENABLE_PREVIEWS = YES;
				GENERATE_INFOPLIST_FILE = YES;
				INFOPLIST_FILE = "Short Circuit/Info.plist";
				INFOPLIST_KEY_LSApplicationCategoryType = "public.app-category.utilities";
				INFOPLIST_KEY_NSHumanReadableCopyright = "";
				LD_RUNPATH_SEARCH_PATHS = (
					"$(inherited)",
					"@executable_path/../Frameworks",
				);
				MARKETING_VERSION = 1.0;
				PRODUCT_BUNDLE_IDENTIFIER = "com.cmorrell.Short-Circuit";
				PRODUCT_NAME = "$(TARGET_NAME)";
				REGISTER_APP_GROUPS = YES;
				STRING_CATALOG_GENERATE_SYMBOLS = YES;
				SWIFT_APPROACHABLE_CONCURRENCY = YES;
				SWIFT_DEFAULT_ACTOR_ISOLATION = MainActor;
				SWIFT_EMIT_LOC_STRINGS = YES;
				SWIFT_UPCOMING_FEATURE_MEMBER_IMPORT_VISIBILITY = YES;
				SWIFT_VERSION = 6.0;
			};
			name = Debug;
		};
		6B9BFFF4305DA93300A08AB4 /* Release configuration for PBXNativeTarget "Short Circuit" */ = {
			isa = XCBuildConfiguration;
			buildSettings = {
				ASSETCATALOG_COMPILER_APPICON_NAME = AppIcon;
				ASSETCATALOG_COMPILER_GLOBAL_ACCENT_COLOR_NAME = AccentColor;
				CODE_SIGN_STYLE = Automatic;
				COMBINE_HIDPI_IMAGES = YES;
				CURRENT_PROJECT_VERSION = 1;
				DEVELOPMENT_TEAM = 657AK7D2D9;
				ENABLE_APP_SANDBOX = NO;
				ENABLE_HARDENED_RUNTIME = YES;
				ENABLE_PREVIEWS = YES;
				GENERATE_INFOPLIST_FILE = YES;
				INFOPLIST_FILE = "Short Circuit/Info.plist";
				INFOPLIST_KEY_LSApplicationCategoryType = "public.app-category.utilities";
				INFOPLIST_KEY_NSHumanReadableCopyright = "";
				LD_RUNPATH_SEARCH_PATHS = (
					"$(inherited)",
					"@executable_path/../Frameworks",
				);
				MARKETING_VERSION = 1.0;
				PRODUCT_BUNDLE_IDENTIFIER = "com.cmorrell.Short-Circuit";
				PRODUCT_NAME = "$(TARGET_NAME)";
				REGISTER_APP_GROUPS = YES;
				STRING_CATALOG_GENERATE_SYMBOLS = YES;
				SWIFT_APPROACHABLE_CONCURRENCY = YES;
				SWIFT_DEFAULT_ACTOR_ISOLATION = MainActor;
				SWIFT_EMIT_LOC_STRINGS = YES;
				SWIFT_UPCOMING_FEATURE_MEMBER_IMPORT_VISIBILITY = YES;
				SWIFT_VERSION = 6.0;
			};
			name = Release;
		};
		6B9BFFF6305DA93300A08AB4 /* Debug configuration for PBXNativeTarget "Short CircuitTests" */ = {
			isa = XCBuildConfiguration;
			buildSettings = {
				BUNDLE_LOADER = "$(TEST_HOST)";
				CODE_SIGN_STYLE = Automatic;
				CURRENT_PROJECT_VERSION = 1;
				DEVELOPMENT_TEAM = 657AK7D2D9;
				GENERATE_INFOPLIST_FILE = YES;
				MACOSX_DEPLOYMENT_TARGET = 26.6;
				MARKETING_VERSION = 1.0;
				PRODUCT_BUNDLE_IDENTIFIER = "com.cmorrell.Short-CircuitTests";
				PRODUCT_NAME = "$(TARGET_NAME)";
				STRING_CATALOG_GENERATE_SYMBOLS = NO;
				SWIFT_APPROACHABLE_CONCURRENCY = YES;
				SWIFT_EMIT_LOC_STRINGS = NO;
				SWIFT_UPCOMING_FEATURE_MEMBER_IMPORT_VISIBILITY = YES;
				SWIFT_VERSION = 6.0;
				TEST_HOST = "$(BUILT_PRODUCTS_DIR)/Short Circuit.app/$(BUNDLE_EXECUTABLE_FOLDER_PATH)/Short Circuit";
			};
			name = Debug;
		};
		6B9BFFF7305DA93300A08AB4 /* Release configuration for PBXNativeTarget "Short CircuitTests" */ = {
			isa = XCBuildConfiguration;
			buildSettings = {
				BUNDLE_LOADER = "$(TEST_HOST)";
				CODE_SIGN_STYLE = Automatic;
				CURRENT_PROJECT_VERSION = 1;
				DEVELOPMENT_TEAM = 657AK7D2D9;
				GENERATE_INFOPLIST_FILE = YES;
				MACOSX_DEPLOYMENT_TARGET = 26.6;
				MARKETING_VERSION = 1.0;
				PRODUCT_BUNDLE_IDENTIFIER = "com.cmorrell.Short-CircuitTests";
				PRODUCT_NAME = "$(TARGET_NAME)";
				STRING_CATALOG_GENERATE_SYMBOLS = NO;
				SWIFT_APPROACHABLE_CONCURRENCY = YES;
				SWIFT_EMIT_LOC_STRINGS = NO;
				SWIFT_UPCOMING_FEATURE_MEMBER_IMPORT_VISIBILITY = YES;
				SWIFT_VERSION = 6.0;
				TEST_HOST = "$(BUILT_PRODUCTS_DIR)/Short Circuit.app/$(BUNDLE_EXECUTABLE_FOLDER_PATH)/Short Circuit";
			};
			name = Release;
		};
		6B9BFFF9305DA93300A08AB4 /* Debug configuration for PBXNativeTarget "Short CircuitUITests" */ = {
			isa = XCBuildConfiguration;
			buildSettings = {
				CODE_SIGN_STYLE = Automatic;
				CURRENT_PROJECT_VERSION = 1;
				DEVELOPMENT_TEAM = 657AK7D2D9;
				GENERATE_INFOPLIST_FILE = YES;
				MARKETING_VERSION = 1.0;
				PRODUCT_BUNDLE_IDENTIFIER = "com.cmorrell.Short-CircuitUITests";
				PRODUCT_NAME = "$(TARGET_NAME)";
				STRING_CATALOG_GENERATE_SYMBOLS = NO;
				SWIFT_APPROACHABLE_CONCURRENCY = YES;
				SWIFT_EMIT_LOC_STRINGS = NO;
				SWIFT_UPCOMING_FEATURE_MEMBER_IMPORT_VISIBILITY = YES;
				SWIFT_VERSION = 6.0;
				TEST_TARGET_NAME = "Short Circuit";
			};
			name = Debug;
		};
		6B9BFFFA305DA93300A08AB4 /* Release configuration for PBXNativeTarget "Short CircuitUITests" */ = {
			isa = XCBuildConfiguration;
			buildSettings = {
				CODE_SIGN_STYLE = Automatic;
				CURRENT_PROJECT_VERSION = 1;
				DEVELOPMENT_TEAM = 657AK7D2D9;
				GENERATE_INFOPLIST_FILE = YES;
				MARKETING_VERSION = 1.0;
				PRODUCT_BUNDLE_IDENTIFIER = "com.cmorrell.Short-CircuitUITests";
				PRODUCT_NAME = "$(TARGET_NAME)";
				STRING_CATALOG_GENERATE_SYMBOLS = NO;
				SWIFT_APPROACHABLE_CONCURRENCY = YES;
				SWIFT_EMIT_LOC_STRINGS = NO;
				SWIFT_UPCOMING_FEATURE_MEMBER_IMPORT_VISIBILITY = YES;
				SWIFT_VERSION = 6.0;
				TEST_TARGET_NAME = "Short Circuit";
			};
			name = Release;
		};
/* End XCBuildConfiguration section */

/* Begin XCConfigurationList section */
		6B9BFFCE305DA93200A08AB4 /* Build configuration list for PBXProject "Short Circuit" */ = {
			isa = XCConfigurationList;
			buildConfigurations = (
				6B9BFFF0305DA93300A08AB4 /* Debug configuration for PBXProject "Short Circuit" */,
				6B9BFFF1305DA93300A08AB4 /* Release configuration for PBXProject "Short Circuit" */,
			);
			defaultConfigurationName = Release;
		};
		6B9BFFF2305DA93300A08AB4 /* Build configuration list for PBXNativeTarget "Short Circuit" */ = {
			isa = XCConfigurationList;
			buildConfigurations = (
				6B9BFFF3305DA93300A08AB4 /* Debug configuration for PBXNativeTarget "Short Circuit" */,
				6B9BFFF4305DA93300A08AB4 /* Release configuration for PBXNativeTarget "Short Circuit" */,
			);
			defaultConfigurationName = Release;
		};
		6B9BFFF5305DA93300A08AB4 /* Build configuration list for PBXNativeTarget "Short CircuitTests" */ = {
			isa = XCConfigurationList;
			buildConfigurations = (
				6B9BFFF6305DA93300A08AB4 /* Debug configuration for PBXNativeTarget "Short CircuitTests" */,
				6B9BFFF7305DA93300A08AB4 /* Release configuration for PBXNativeTarget "Short CircuitTests" */,
			);
			defaultConfigurationName = Release;
		};
		6B9BFFF8305DA93300A08AB4 /* Build configuration list for PBXNativeTarget "Short CircuitUITests" */ = {
			isa = XCConfigurationList;
			buildConfigurations = (
				6B9BFFF9305DA93300A08AB4 /* Debug configuration for PBXNativeTarget "Short CircuitUITests" */,
				6B9BFFFA305DA93300A08AB4 /* Release configuration for PBXNativeTarget "Short CircuitUITests" */,
			);
			defaultConfigurationName = Release;
		};
/* End XCConfigurationList section */

/* Begin XCRemoteSwiftPackageReference section */
		5C0000000000000000000003 /* XCRemoteSwiftPackageReference "Sparkle" */ = {
			isa = XCRemoteSwiftPackageReference;
			repositoryURL = "https://github.com/sparkle-project/Sparkle";
			requirement = {
				kind = upToNextMajorVersion;
				minimumVersion = 2.9.6;
			};
		};
/* End XCRemoteSwiftPackageReference section */

/* Begin XCSwiftPackageProductDependency section */
		5C0000000000000000000004 /* Sparkle */ = {
			isa = XCSwiftPackageProductDependency;
			package = 5C0000000000000000000003 /* XCRemoteSwiftPackageReference "Sparkle" */;
			productName = Sparkle;
		};
/* End XCSwiftPackageProductDependency section */
	};
	rootObject = 6B9BFFCB305DA93200A08AB4 /* Project object */;
	validationLevel = 1;
}
